// !$*UTF8*$!
{
	archiveVersion = 1;
	classes = {
	};
	objectVersion = 46;
	objects = {

/* Begin PBXBuildFile section */
		4F1A9FFA19F92A9F00FBD23E /* AppleEventBridge.h in Headers */ = {isa = PBXBuildFile; fileRef = 4F1A9FF919F92A9F00FBD23E /* AppleEventBridge.h */; settings = {ATTRIBUTES = (Public, ); }; };
		4F1AA00019F92A9F00FBD23E /* AppleEventBridge.framework in Frameworks */ = {isa = PBXBuildFile; fileRef = 4F1A9FF419F92A9F00FBD23E /* AppleEventBridge.framework */; };
		4F1AA00719F92A9F00FBD23E /* AppleEventBridgeTests.m in Sources */ = {isa = PBXBuildFile; fileRef = 4F1AA00619F92A9F00FBD23E /* AppleEventBridgeTests.m */; };
		4F1AA01219F92B4C00FBD23E /* AppKit.framework in Frameworks */ = {isa = PBXBuildFile; fileRef = 4F1AA01019F92B4C00FBD23E /* AppKit.framework */; };
		4F1AA01319F92B4C00FBD23E /* Foundation.framework in Frameworks */ = {isa = PBXBuildFile; fileRef = 4F1AA01119F92B4C00FBD23E /* Foundation.framework */; };
		4F1AA04919F92D6000FBD23E /* AEBAppData.h in Headers */ = {isa = PBXBuildFile; fileRef = 4F1AA01519F92D6000FBD23E /* AEBAppData.h */; settings = {ATTRIBUTES = (Public, ); }; };
		4F1AA04A19F92D6000FBD23E /* AEBAppData.m in Sources */ = {isa = PBXBuildFile; fileRef = 4F1AA01619F92D6000FBD23E /* AEBAppData.m */; };
		4F1AA04B19F92D6000FBD23E /* AEBCommand.h in Headers */ = {isa = PBXBuildFile; fileRef = 4F1AA01719F92D6000FBD23E /* AEBCommand.h */; settings = {ATTRIBUTES = (Public, ); }; };
		4F1AA04C19F92D6000FBD23E /* AEBCommand.m in Sources */ = {isa = PBXBuildFile; fileRef = 4F1AA01819F92D6000FBD23E /* AEBCommand.m */; };
		4F1AA04D19F92D6000FBD23E /* AEBDefaultTerms.h in Headers */ = {isa = PBXBuildFile; fileRef = 4F1AA01919F92D6000FBD23E /* AEBDefaultTerms.h */; settings = {ATTRIBUTES = (Public, ); }; };
		4F1AA04E19F92D6000FBD23E /* AEBDefaultTerms.m in Sources */ = {isa = PBXBuildFile; fileRef = 4F1AA01A19F92D6000FBD23E /* AEBDefaultTerms.m */; };
		4F1AA04F19F92D6000FBD23E /* AEBDynamicAETEParser.h in Headers */ = {isa = PBXBuildFile; fileRef = 4F1AA01B19F92D6000FBD23E /* AEBDynamicAETEParser.h */; settings = {ATTRIBUTES = (Public, ); }; };
		4F1AA05019F92D6000FBD23E /* AEBDynamicAETEParser.m in Sources */ = {isa = PBXBuildFile; fileRef = 4F1AA01C19F92D6000FBD23E /* AEBDynamicAETEParser.m */; };
		4F1AA05119F92D6000FBD23E /* AEBDynamicAppData.h in Headers */ = {isa = PBXBuildFile; fileRef = 4F1AA01D19F92D6000FBD23E /* AEBDynamicAppData.h */; settings = {ATTRIBUTES = (Public, ); }; };
		4F1AA05219F92D6000FBD23E /* AEBDynamicAppData.m in Sources */ = {isa = PBXBuildFile; fileRef = 4F1AA01E19F92D6000FBD23E /* AEBDynamicAppData.m */; };
		4F1AA05319F92D6000FBD23E /* AEBDynamicSDEFParser.h in Headers */ = {isa = PBXBuildFile; fileRef = 4F1AA01F19F92D6000FBD23E /* AEBDynamicSDEFParser.h */; settings = {ATTRIBUTES = (Public, ); }; };
		4F1AA05419F92D6000FBD23E /* AEBDynamicSDEFParser.m in Sources */ = {isa = PBXBuildFile; fileRef = 4F1AA02019F92D6000FBD23E /* AEBDynamicSDEFParser.m */; };
		4F1AA05519F92D6000FBD23E /* AEBDynamicTerm.h in Headers */ = {isa = PBXBuildFile; fileRef = 4F1AA02119F92D6000FBD23E /* AEBDynamicTerm.h */; settings = {ATTRIBUTES = (Public, ); }; };
		4F1AA05619F92D6000FBD23E /* AEBDynamicTerm.m in Sources */ = {isa = PBXBuildFile; fileRef = 4F1AA02219F92D6000FBD23E /* AEBDynamicTerm.m */; };
		4F1AA05719F92D6000FBD23E /* AEBDynamicTerminology.h in Headers */ = {isa = PBXBuildFile; fileRef = 4F1AA02319F92D6000FBD23E /* AEBDynamicTerminology.h */; settings = {ATTRIBUTES = (Public, ); }; };
		4F1AA05819F92D6000FBD23E /* AEBDynamicTerminology.m in Sources */ = {isa = PBXBuildFile; fileRef = 4F1AA02419F92D6000FBD23E /* AEBDynamicTerminology.m */; };
		4F1AA05A19F92D6000FBD23E /* AEBStaticAppData.h in Headers */ = {isa = PBXBuildFile; fileRef = 4F1AA02619F92D6000FBD23E /* AEBStaticAppData.h */; settings = {ATTRIBUTES = (Public, ); }; };
		4F1AA05B19F92D6000FBD23E /* AEBStaticAppData.m in Sources */ = {isa = PBXBuildFile; fileRef = 4F1AA02719F92D6000FBD23E /* AEBStaticAppData.m */; };
		4F1AA05C19F92D6000FBD23E /* AEBStaticCommand.h in Headers */ = {isa = PBXBuildFile; fileRef = 4F1AA02819F92D6000FBD23E /* AEBStaticCommand.h */; settings = {ATTRIBUTES = (Public, ); }; };
		4F1AA05D19F92D6000FBD23E /* AEBStaticCommand.m in Sources */ = {isa = PBXBuildFile; fileRef = 4F1AA02919F92D6000FBD23E /* AEBStaticCommand.m */; };
		4F1AA05E19F92D6000FBD23E /* AEBStaticSymbol.h in Headers */ = {isa = PBXBuildFile; fileRef = 4F1AA02A19F92D6000FBD23E /* AEBStaticSymbol.h */; settings = {ATTRIBUTES = (Public, ); }; };
		4F1AA05F19F92D6000FBD23E /* AEBStaticSymbol.m in Sources */ = {isa = PBXBuildFile; fileRef = 4F1AA02B19F92D6000FBD23E /* AEBStaticSymbol.m */; };
		4F1AA06019F92D6000FBD23E /* AEBStaticFormatter.h in Headers */ = {isa = PBXBuildFile; fileRef = 4F1AA02C19F92D6000FBD23E /* AEBStaticFormatter.h */; settings = {ATTRIBUTES = (Public, ); }; };
		4F1AA06119F92D6000FBD23E /* AEBStaticFormatter.m in Sources */ = {isa = PBXBuildFile; fileRef = 4F1AA02D19F92D6000FBD23E /* AEBStaticFormatter.m */; };
		4F1AA06219F92D6000FBD23E /* AEBStaticSpecifier.h in Headers */ = {isa = PBXBuildFile; fileRef = 4F1AA02E19F92D6000FBD23E /* AEBStaticSpecifier.h */; settings = {ATTRIBUTES = (Public, ); }; };
		4F1AA06319F92D6000FBD23E /* AEBStaticSpecifier.m in Sources */ = {isa = PBXBuildFile; fileRef = 4F1AA02F19F92D6000FBD23E /* AEBStaticSpecifier.m */; };
		4F1AA06419F92D6000FBD23E /* AEMApplication.h in Headers */ = {isa = PBXBuildFile; fileRef = 4F1AA03019F92D6000FBD23E /* AEMApplication.h */; settings = {ATTRIBUTES = (Public, ); }; };
		4F1AA06519F92D6000FBD23E /* AEMApplication.m in Sources */ = {isa = PBXBuildFile; fileRef = 4F1AA03119F92D6000FBD23E /* AEMApplication.m */; };
		4F1AA06619F92D6000FBD23E /* AEMCodecs.h in Headers */ = {isa = PBXBuildFile; fileRef = 4F1AA03219F92D6000FBD23E /* AEMCodecs.h */; settings = {ATTRIBUTES = (Public, ); }; };
		4F1AA06719F92D6000FBD23E /* AEMCodecs.m in Sources */ = {isa = PBXBuildFile; fileRef = 4F1AA03319F92D6000FBD23E /* AEMCodecs.m */; };
		4F1AA06819F92D6000FBD23E /* AEMEvent.h in Headers */ = {isa = PBXBuildFile; fileRef = 4F1AA03419F92D6000FBD23E /* AEMEvent.h */; settings = {ATTRIBUTES = (Public, ); }; };
		4F1AA06919F92D6000FBD23E /* AEMEvent.m in Sources */ = {isa = PBXBuildFile; fileRef = 4F1AA03519F92D6000FBD23E /* AEMEvent.m */; };
		4F1AA06A19F92D6000FBD23E /* AEMFormatter.h in Headers */ = {isa = PBXBuildFile; fileRef = 4F1AA03619F92D6000FBD23E /* AEMFormatter.h */; settings = {ATTRIBUTES = (Public, ); }; };
		4F1AA06B19F92D6000FBD23E /* AEMFormatter.m in Sources */ = {isa = PBXBuildFile; fileRef = 4F1AA03719F92D6000FBD23E /* AEMFormatter.m */; };
		4F1AA06C19F92D6000FBD23E /* AEMQuery.h in Headers */ = {isa = PBXBuildFile; fileRef = 4F1AA03819F92D6000FBD23E /* AEMQuery.h */; settings = {ATTRIBUTES = (Public, ); }; };
		4F1AA06D19F92D6000FBD23E /* AEMQuery.m in Sources */ = {isa = PBXBuildFile; fileRef = 4F1AA03919F92D6000FBD23E /* AEMQuery.m */; };
		4F1AA06E19F92D6000FBD23E /* AEMSpecifier.h in Headers */ = {isa = PBXBuildFile; fileRef = 4F1AA03A19F92D6000FBD23E /* AEMSpecifier.h */; settings = {ATTRIBUTES = (Public, ); }; };
		4F1AA06F19F92D6000FBD23E /* AEMSpecifier.m in Sources */ = {isa = PBXBuildFile; fileRef = 4F1AA03B19F92D6000FBD23E /* AEMSpecifier.m */; };
		4F1AA07019F92D6000FBD23E /* AEMTestSpecifier.h in Headers */ = {isa = PBXBuildFile; fileRef = 4F1AA03C19F92D6000FBD23E /* AEMTestSpecifier.h */; settings = {ATTRIBUTES = (Public, ); }; };
		4F1AA07119F92D6000FBD23E /* AEMTestSpecifier.m in Sources */ = {isa = PBXBuildFile; fileRef = 4F1AA03D19F92D6000FBD23E /* AEMTestSpecifier.m */; };
		4F1AA07219F92D6000FBD23E /* AEMTypes.h in Headers */ = {isa = PBXBuildFile; fileRef = 4F1AA03E19F92D6000FBD23E /* AEMTypes.h */; settings = {ATTRIBUTES = (Public, ); }; };
		4F1AA07319F92D6000FBD23E /* AEMTypes.m in Sources */ = {isa = PBXBuildFile; fileRef = 4F1AA03F19F92D6000FBD23E /* AEMTypes.m */; };
		4F1AA07619F92D6000FBD23E /* AEMUtils.h in Headers */ = {isa = PBXBuildFile; fileRef = 4F1AA04219F92D6000FBD23E /* AEMUtils.h */; settings = {ATTRIBUTES = (Public, ); }; };
		4F1AA07719F92D6000FBD23E /* AEMUtils.m in Sources */ = {isa = PBXBuildFile; fileRef = 4F1AA04319F92D6000FBD23E /* AEMUtils.m */; };
		4F70FBD61A3123AC0051CA21 /* NSAppleEventDescriptor+AEDescMoreExtensions.h in Headers */ = {isa = PBXBuildFile; fileRef = 4F70FBD41A3123AC0051CA21 /* NSAppleEventDescriptor+AEDescMoreExtensions.h */; settings = {ATTRIBUTES = (Public, ); }; };
		4F70FBD71A3123AC0051CA21 /* NSAppleEventDescriptor+AEDescMoreExtensions.m in Sources */ = {isa = PBXBuildFile; fileRef = 4F70FBD51A3123AC0051CA21 /* NSAppleEventDescriptor+AEDescMoreExtensions.m */; };
		4FA7A88D1A02412600F0E578 /* AEMURL.h in Headers */ = {isa = PBXBuildFile; fileRef = 4FA7A88B1A02412600F0E578 /* AEMURL.h */; settings = {ATTRIBUTES = (Public, ); }; };
		4FA7A88E1A02412600F0E578 /* AEMURL.m in Sources */ = {isa = PBXBuildFile; fileRef = 4FA7A88C1A02412600F0E578 /* AEMURL.m */; };
		4FA7A8AE1A06EAA100F0E578 /* NSAppleEventDescriptor+AEDescExtensions.h in Headers */ = {isa = PBXBuildFile; fileRef = 4FA7A8AC1A06EAA100F0E578 /* NSAppleEventDescriptor+AEDescExtensions.h */; settings = {ATTRIBUTES = (Public, ); }; };
		4FA7A8AF1A06EAA100F0E578 /* NSAppleEventDescriptor+AEDescExtensions.m in Sources */ = {isa = PBXBuildFile; fileRef = 4FA7A8AD1A06EAA100F0E578 /* NSAppleEventDescriptor+AEDescExtensions.m */; };
		4FA7A8B91A0A607400F0E578 /* main.m in Sources */ = {isa = PBXBuildFile; fileRef = 4FA7A8B81A0A607400F0E578 /* main.m */; };
		4FA7A8BF1A0A706300F0E578 /* AEMCopyScriptingDefinitionFromURL.c in Sources */ = {isa = PBXBuildFile; fileRef = 4FA7A8BD1A0A706300F0E578 /* AEMCopyScriptingDefinitionFromURL.c */; };
		4FA7A8C01A0A706300F0E578 /* AEMCopyScriptingDefinitionFromURL.h in Headers */ = {isa = PBXBuildFile; fileRef = 4FA7A8BE1A0A706300F0E578 /* AEMCopyScriptingDefinitionFromURL.h */; settings = {ATTRIBUTES = (Private, ); }; };
		4FA7A8C21A0A79B900F0E578 /* Foundation.framework in Frameworks */ = {isa = PBXBuildFile; fileRef = 4F1AA01119F92B4C00FBD23E /* Foundation.framework */; };
		4FA7A8C31A0A79BC00F0E578 /* AppleEventBridge.framework in Frameworks */ = {isa = PBXBuildFile; fileRef = 4F1A9FF419F92A9F00FBD23E /* AppleEventBridge.framework */; };
		4FA7A8C51A0A99AE00F0E578 /* Carbon.framework in Frameworks */ = {isa = PBXBuildFile; fileRef = 4FA7A8C41A0A99AE00F0E578 /* Carbon.framework */; };
		4FCE81081A0C2E3500C54EAC /* TEApplicationGlue.m in Sources */ = {isa = PBXBuildFile; fileRef = 4FCE80FD1A0C2E3500C54EAC /* TEApplicationGlue.m */; };
		4FCE81091A0C2E3500C54EAC /* TECommandGlue.m in Sources */ = {isa = PBXBuildFile; fileRef = 4FCE80FF1A0C2E3500C54EAC /* TECommandGlue.m */; };
		4FCE810A1A0C2E3500C54EAC /* TESymbolGlue.m in Sources */ = {isa = PBXBuildFile; fileRef = 4FCE81011A0C2E3500C54EAC /* TESymbolGlue.m */; };
		4FCE810B1A0C2E3500C54EAC /* TEFormatterGlue.m in Sources */ = {isa = PBXBuildFile; fileRef = 4FCE81031A0C2E3500C54EAC /* TEFormatterGlue.m */; };
		4FCE810C1A0C2E3500C54EAC /* TESpecifierGlue.m in Sources */ = {isa = PBXBuildFile; fileRef = 4FCE81071A0C2E3500C54EAC /* TESpecifierGlue.m */; };
		4FF619C51A0CF520002277B8 /* aebglue in Copy Files (aebglue) */ = {isa = PBXBuildFile; fileRef = 4F1AA02519F92D6000FBD23E /* aebglue */; };
		4FFA2D721A129BCA00AF09E4 /* application-objects.html in Copy Files (documentation) */ = {isa = PBXBuildFile; fileRef = 4FFA2D5E1A129B7E00AF09E4 /* application-objects.html */; };
		4FFA2D731A129BCA00AF09E4 /* application_architecture.gif in Copy Files (documentation) */ = {isa = PBXBuildFile; fileRef = 4FFA2D5F1A129B7E00AF09E4 /* application_architecture.gif */; };
		4FFA2D741A129BCA00AF09E4 /* application_architecture2.gif in Copy Files (documentation) */ = {isa = PBXBuildFile; fileRef = 4FFA2D601A129B7E00AF09E4 /* application_architecture2.gif */; };
		4FFA2D751A129BCA00AF09E4 /* client_app_to_itunes_event.gif in Copy Files (documentation) */ = {isa = PBXBuildFile; fileRef = 4FFA2D611A129B7E00AF09E4 /* client_app_to_itunes_event.gif */; };
		4FFA2D761A129BCA00AF09E4 /* commands.html in Copy Files (documentation) */ = {isa = PBXBuildFile; fileRef = 4FFA2D621A129B7E00AF09E4 /* commands.html */; };
		4FFA2D771A129BCA00AF09E4 /* creating-and-using-static-glues.html in Copy Files (documentation) */ = {isa = PBXBuildFile; fileRef = 4FFA2D631A129B7E00AF09E4 /* creating-and-using-static-glues.html */; };
		4FFA2D781A129BCA00AF09E4 /* examples.html in Copy Files (documentation) */ = {isa = PBXBuildFile; fileRef = 4FFA2D641A129B7E00AF09E4 /* examples.html */; };
		4FFA2D791A129BCA00AF09E4 /* finder_to_textedit_event.gif in Copy Files (documentation) */ = {isa = PBXBuildFile; fileRef = 4FFA2D651A129B7E00AF09E4 /* finder_to_textedit_event.gif */; };
		4FFA2D7A1A129BCA00AF09E4 /* full.css in Copy Files (documentation) */ = {isa = PBXBuildFile; fileRef = 4FFA2D661A129B7E00AF09E4 /* full.css */; };
		4FFA2D7B1A129BCA00AF09E4 /* how-appleeventbridge-works.html in Copy Files (documentation) */ = {isa = PBXBuildFile; fileRef = 4FFA2D671A129B7E00AF09E4 /* how-appleeventbridge-works.html */; };
		4FFA2D7C1A129BCA00AF09E4 /* index.html in Copy Files (documentation) */ = {isa = PBXBuildFile; fileRef = 4FFA2D681A129B7E00AF09E4 /* index.html */; };
		4FFA2D7D1A129BCA00AF09E4 /* introduction.html in Copy Files (documentation) */ = {isa = PBXBuildFile; fileRef = 4FFA2D691A129B7E00AF09E4 /* introduction.html */; };
		4FFA2D7E1A129BCA00AF09E4 /* low-level-apis.html in Copy Files (documentation) */ = {isa = PBXBuildFile; fileRef = 4FFA2D6A1A129B7E00AF09E4 /* low-level-apis.html */; };
		4FFA2D7F1A129BCA00AF09E4 /* notes.html in Copy Files (documentation) */ = {isa = PBXBuildFile; fileRef = 4FFA2D6B1A129B7E00AF09E4 /* notes.html */; };
		4FFA2D801A129BCA00AF09E4 /* objc-ae-type-mappings.html in Copy Files (documentation) */ = {isa = PBXBuildFile; fileRef = 4FFA2D6C1A129B7E00AF09E4 /* objc-ae-type-mappings.html */; };
		4FFA2D811A129BCA00AF09E4 /* object-specifiers.html in Copy Files (documentation) */ = {isa = PBXBuildFile; fileRef = 4FFA2D6D1A129B7E00AF09E4 /* object-specifiers.html */; };
		4FFA2D821A129BCA00AF09E4 /* optimizing-performance.html in Copy Files (documentation) */ = {isa = PBXBuildFile; fileRef = 4FFA2D6E1A129B7E00AF09E4 /* optimizing-performance.html */; };
		4FFA2D831A129BCA00AF09E4 /* relationships_example.gif in Copy Files (documentation) */ = {isa = PBXBuildFile; fileRef = 4FFA2D6F1A129B7E00AF09E4 /* relationships_example.gif */; };
		4FFA2D841A129BCA00AF09E4 /* understanding-apple-events.html in Copy Files (documentation) */ = {isa = PBXBuildFile; fileRef = 4FFA2D701A129B7E00AF09E4 /* understanding-apple-events.html */; };
/* End PBXBuildFile section */

/* Begin PBXContainerItemProxy section */
		4F1AA00119F92A9F00FBD23E /* PBXContainerItemProxy */ = {
			isa = PBXContainerItemProxy;
			containerPortal = 4F1A9FEB19F92A9E00FBD23E /* Project object */;
			proxyType = 1;
			remoteGlobalIDString = 4F1A9FF319F92A9F00FBD23E;
			remoteInfo = AppleEventBridge;
		};
		4FCE80E61A0B894A00C54EAC /* PBXContainerItemProxy */ = {
			isa = PBXContainerItemProxy;
			containerPortal = 4F1A9FEB19F92A9E00FBD23E /* Project object */;
			proxyType = 1;
			remoteGlobalIDString = 4F1A9FF319F92A9F00FBD23E;
			remoteInfo = AppleEventBridge;
		};
/* End PBXContainerItemProxy section */

/* Begin PBXCopyFilesBuildPhase section */
		4FA7A8B41A0A607400F0E578 /* CopyFiles */ = {
			isa = PBXCopyFilesBuildPhase;
			buildActionMask = 2147483647;
			dstPath = /usr/share/man/man1/;
			dstSubfolderSpec = 0;
			files = (
			);
			runOnlyForDeploymentPostprocessing = 1;
		};
		4FF619C41A0CF500002277B8 /* Copy Files (aebglue) */ = {
			isa = PBXCopyFilesBuildPhase;
			buildActionMask = 2147483647;
			dstPath = bin;
			dstSubfolderSpec = 7;
			files = (
				4FF619C51A0CF520002277B8 /* aebglue in Copy Files (aebglue) */,
			);
			name = "Copy Files (aebglue)";
			runOnlyForDeploymentPostprocessing = 0;
		};
		4FFA2D711A129BAB00AF09E4 /* Copy Files (documentation) */ = {
			isa = PBXCopyFilesBuildPhase;
			buildActionMask = 2147483647;
			dstPath = doc;
			dstSubfolderSpec = 7;
			files = (
				4FFA2D721A129BCA00AF09E4 /* application-objects.html in Copy Files (documentation) */,
				4FFA2D731A129BCA00AF09E4 /* application_architecture.gif in Copy Files (documentation) */,
				4FFA2D741A129BCA00AF09E4 /* application_architecture2.gif in Copy Files (documentation) */,
				4FFA2D751A129BCA00AF09E4 /* client_app_to_itunes_event.gif in Copy Files (documentation) */,
				4FFA2D761A129BCA00AF09E4 /* commands.html in Copy Files (documentation) */,
				4FFA2D771A129BCA00AF09E4 /* creating-and-using-static-glues.html in Copy Files (documentation) */,
				4FFA2D781A129BCA00AF09E4 /* examples.html in Copy Files (documentation) */,
				4FFA2D791A129BCA00AF09E4 /* finder_to_textedit_event.gif in Copy Files (documentation) */,
				4FFA2D7A1A129BCA00AF09E4 /* full.css in Copy Files (documentation) */,
				4FFA2D7B1A129BCA00AF09E4 /* how-appleeventbridge-works.html in Copy Files (documentation) */,
				4FFA2D7C1A129BCA00AF09E4 /* index.html in Copy Files (documentation) */,
				4FFA2D7D1A129BCA00AF09E4 /* introduction.html in Copy Files (documentation) */,
				4FFA2D7E1A129BCA00AF09E4 /* low-level-apis.html in Copy Files (documentation) */,
				4FFA2D7F1A129BCA00AF09E4 /* notes.html in Copy Files (documentation) */,
				4FFA2D801A129BCA00AF09E4 /* objc-ae-type-mappings.html in Copy Files (documentation) */,
				4FFA2D811A129BCA00AF09E4 /* object-specifiers.html in Copy Files (documentation) */,
				4FFA2D821A129BCA00AF09E4 /* optimizing-performance.html in Copy Files (documentation) */,
				4FFA2D831A129BCA00AF09E4 /* relationships_example.gif in Copy Files (documentation) */,
				4FFA2D841A129BCA00AF09E4 /* understanding-apple-events.html in Copy Files (documentation) */,
			);
			name = "Copy Files (documentation)";
			runOnlyForDeploymentPostprocessing = 0;
		};
/* End PBXCopyFilesBuildPhase section */

/* Begin PBXFileReference section */
		4F1A9FF419F92A9F00FBD23E /* AppleEventBridge.framework */ = {isa = PBXFileReference; explicitFileType = wrapper.framework; includeInIndex = 0; path = AppleEventBridge.framework; sourceTree = BUILT_PRODUCTS_DIR; };
		4F1A9FF919F92A9F00FBD23E /* AppleEventBridge.h */ = {isa = PBXFileReference; lastKnownFileType = sourcecode.c.h; path = AppleEventBridge.h; sourceTree = "<group>"; };
		4F1A9FFF19F92A9F00FBD23E /* AppleEventBridgeTests.xctest */ = {isa = PBXFileReference; explicitFileType = wrapper.cfbundle; includeInIndex = 0; path = AppleEventBridgeTests.xctest; sourceTree = BUILT_PRODUCTS_DIR; };
		4F1AA00519F92A9F00FBD23E /* Info.plist */ = {isa = PBXFileReference; lastKnownFileType = text.plist.xml; path = Info.plist; sourceTree = "<group>"; };
		4F1AA00619F92A9F00FBD23E /* AppleEventBridgeTests.m */ = {isa = PBXFileReference; lastKnownFileType = sourcecode.c.objc; path = AppleEventBridgeTests.m; sourceTree = "<group>"; };
		4F1AA01019F92B4C00FBD23E /* AppKit.framework */ = {isa = PBXFileReference; lastKnownFileType = wrapper.framework; name = AppKit.framework; path = System/Library/Frameworks/AppKit.framework; sourceTree = SDKROOT; };
		4F1AA01119F92B4C00FBD23E /* Foundation.framework */ = {isa = PBXFileReference; lastKnownFileType = wrapper.framework; name = Foundation.framework; path = System/Library/Frameworks/Foundation.framework; sourceTree = SDKROOT; };
		4F1AA01519F92D6000FBD23E /* AEBAppData.h */ = {isa = PBXFileReference; fileEncoding = 4; lastKnownFileType = sourcecode.c.h; path = AEBAppData.h; sourceTree = "<group>"; };
		4F1AA01619F92D6000FBD23E /* AEBAppData.m */ = {isa = PBXFileReference; fileEncoding = 4; lastKnownFileType = sourcecode.c.objc; path = AEBAppData.m; sourceTree = "<group>"; };
		4F1AA01719F92D6000FBD23E /* AEBCommand.h */ = {isa = PBXFileReference; fileEncoding = 4; lastKnownFileType = sourcecode.c.h; path = AEBCommand.h; sourceTree = "<group>"; };
		4F1AA01819F92D6000FBD23E /* AEBCommand.m */ = {isa = PBXFileReference; fileEncoding = 4; lastKnownFileType = sourcecode.c.objc; path = AEBCommand.m; sourceTree = "<group>"; };
		4F1AA01919F92D6000FBD23E /* AEBDefaultTerms.h */ = {isa = PBXFileReference; fileEncoding = 4; lastKnownFileType = sourcecode.c.h; path = AEBDefaultTerms.h; sourceTree = "<group>"; };
		4F1AA01A19F92D6000FBD23E /* AEBDefaultTerms.m */ = {isa = PBXFileReference; fileEncoding = 4; lastKnownFileType = sourcecode.c.objc; path = AEBDefaultTerms.m; sourceTree = "<group>"; };
		4F1AA01B19F92D6000FBD23E /* AEBDynamicAETEParser.h */ = {isa = PBXFileReference; fileEncoding = 4; lastKnownFileType = sourcecode.c.h; path = AEBDynamicAETEParser.h; sourceTree = "<group>"; };
		4F1AA01C19F92D6000FBD23E /* AEBDynamicAETEParser.m */ = {isa = PBXFileReference; fileEncoding = 4; lastKnownFileType = sourcecode.c.objc; path = AEBDynamicAETEParser.m; sourceTree = "<group>"; };
		4F1AA01D19F92D6000FBD23E /* AEBDynamicAppData.h */ = {isa = PBXFileReference; fileEncoding = 4; lastKnownFileType = sourcecode.c.h; path = AEBDynamicAppData.h; sourceTree = "<group>"; };
		4F1AA01E19F92D6000FBD23E /* AEBDynamicAppData.m */ = {isa = PBXFileReference; fileEncoding = 4; lastKnownFileType = sourcecode.c.objc; path = AEBDynamicAppData.m; sourceTree = "<group>"; };
		4F1AA01F19F92D6000FBD23E /* AEBDynamicSDEFParser.h */ = {isa = PBXFileReference; fileEncoding = 4; lastKnownFileType = sourcecode.c.h; path = AEBDynamicSDEFParser.h; sourceTree = "<group>"; };
		4F1AA02019F92D6000FBD23E /* AEBDynamicSDEFParser.m */ = {isa = PBXFileReference; fileEncoding = 4; lastKnownFileType = sourcecode.c.objc; path = AEBDynamicSDEFParser.m; sourceTree = "<group>"; };
		4F1AA02119F92D6000FBD23E /* AEBDynamicTerm.h */ = {isa = PBXFileReference; fileEncoding = 4; lastKnownFileType = sourcecode.c.h; path = AEBDynamicTerm.h; sourceTree = "<group>"; };
		4F1AA02219F92D6000FBD23E /* AEBDynamicTerm.m */ = {isa = PBXFileReference; fileEncoding = 4; lastKnownFileType = sourcecode.c.objc; lineEnding = 0; path = AEBDynamicTerm.m; sourceTree = "<group>"; xcLanguageSpecificationIdentifier = xcode.lang.objc; };
		4F1AA02319F92D6000FBD23E /* AEBDynamicTerminology.h */ = {isa = PBXFileReference; fileEncoding = 4; lastKnownFileType = sourcecode.c.h; path = AEBDynamicTerminology.h; sourceTree = "<group>"; };
		4F1AA02419F92D6000FBD23E /* AEBDynamicTerminology.m */ = {isa = PBXFileReference; fileEncoding = 4; lastKnownFileType = sourcecode.c.objc; path = AEBDynamicTerminology.m; sourceTree = "<group>"; };
		4F1AA02519F92D6000FBD23E /* aebglue */ = {isa = PBXFileReference; fileEncoding = 4; lastKnownFileType = text.script.python; path = aebglue; sourceTree = "<group>"; xcLanguageSpecificationIdentifier = xcode.lang.python; };
		4F1AA02619F92D6000FBD23E /* AEBStaticAppData.h */ = {isa = PBXFileReference; fileEncoding = 4; lastKnownFileType = sourcecode.c.h; path = AEBStaticAppData.h; sourceTree = "<group>"; };
		4F1AA02719F92D6000FBD23E /* AEBStaticAppData.m */ = {isa = PBXFileReference; fileEncoding = 4; lastKnownFileType = sourcecode.c.objc; path = AEBStaticAppData.m; sourceTree = "<group>"; };
		4F1AA02819F92D6000FBD23E /* AEBStaticCommand.h */ = {isa = PBXFileReference; fileEncoding = 4; lastKnownFileType = sourcecode.c.h; path = AEBStaticCommand.h; sourceTree = "<group>"; };
		4F1AA02919F92D6000FBD23E /* AEBStaticCommand.m */ = {isa = PBXFileReference; fileEncoding = 4; lastKnownFileType = sourcecode.c.objc; lineEnding = 0; path = AEBStaticCommand.m; sourceTree = "<group>"; xcLanguageSpecificationIdentifier = xcode.lang.objc; };
		4F1AA02A19F92D6000FBD23E /* AEBStaticSymbol.h */ = {isa = PBXFileReference; fileEncoding = 4; lastKnownFileType = sourcecode.c.h; path = AEBStaticSymbol.h; sourceTree = "<group>"; };
		4F1AA02B19F92D6000FBD23E /* AEBStaticSymbol.m */ = {isa = PBXFileReference; fileEncoding = 4; lastKnownFileType = sourcecode.c.objc; path = AEBStaticSymbol.m; sourceTree = "<group>"; };
		4F1AA02C19F92D6000FBD23E /* AEBStaticFormatter.h */ = {isa = PBXFileReference; fileEncoding = 4; lastKnownFileType = sourcecode.c.h; path = AEBStaticFormatter.h; sourceTree = "<group>"; };
		4F1AA02D19F92D6000FBD23E /* AEBStaticFormatter.m */ = {isa = PBXFileReference; fileEncoding = 4; lastKnownFileType = sourcecode.c.objc; path = AEBStaticFormatter.m; sourceTree = "<group>"; };
		4F1AA02E19F92D6000FBD23E /* AEBStaticSpecifier.h */ = {isa = PBXFileReference; fileEncoding = 4; lastKnownFileType = sourcecode.c.h; path = AEBStaticSpecifier.h; sourceTree = "<group>"; };
		4F1AA02F19F92D6000FBD23E /* AEBStaticSpecifier.m */ = {isa = PBXFileReference; fileEncoding = 4; lastKnownFileType = sourcecode.c.objc; path = AEBStaticSpecifier.m; sourceTree = "<group>"; };
		4F1AA03019F92D6000FBD23E /* AEMApplication.h */ = {isa = PBXFileReference; fileEncoding = 4; lastKnownFileType = sourcecode.c.h; path = AEMApplication.h; sourceTree = "<group>"; };
		4F1AA03119F92D6000FBD23E /* AEMApplication.m */ = {isa = PBXFileReference; fileEncoding = 4; lastKnownFileType = sourcecode.c.objc; path = AEMApplication.m; sourceTree = "<group>"; };
		4F1AA03219F92D6000FBD23E /* AEMCodecs.h */ = {isa = PBXFileReference; fileEncoding = 4; lastKnownFileType = sourcecode.c.h; path = AEMCodecs.h; sourceTree = "<group>"; };
		4F1AA03319F92D6000FBD23E /* AEMCodecs.m */ = {isa = PBXFileReference; fileEncoding = 4; lastKnownFileType = sourcecode.c.objc; path = AEMCodecs.m; sourceTree = "<group>"; };
		4F1AA03419F92D6000FBD23E /* AEMEvent.h */ = {isa = PBXFileReference; fileEncoding = 4; lastKnownFileType = sourcecode.c.h; path = AEMEvent.h; sourceTree = "<group>"; };
		4F1AA03519F92D6000FBD23E /* AEMEvent.m */ = {isa = PBXFileReference; fileEncoding = 4; lastKnownFileType = sourcecode.c.objc; lineEnding = 0; path = AEMEvent.m; sourceTree = "<group>"; xcLanguageSpecificationIdentifier = xcode.lang.objc; };
		4F1AA03619F92D6000FBD23E /* AEMFormatter.h */ = {isa = PBXFileReference; fileEncoding = 4; lastKnownFileType = sourcecode.c.h; path = AEMFormatter.h; sourceTree = "<group>"; };
		4F1AA03719F92D6000FBD23E /* AEMFormatter.m */ = {isa = PBXFileReference; fileEncoding = 4; lastKnownFileType = sourcecode.c.objc; path = AEMFormatter.m; sourceTree = "<group>"; };
		4F1AA03819F92D6000FBD23E /* AEMQuery.h */ = {isa = PBXFileReference; fileEncoding = 4; lastKnownFileType = sourcecode.c.h; path = AEMQuery.h; sourceTree = "<group>"; };
		4F1AA03919F92D6000FBD23E /* AEMQuery.m */ = {isa = PBXFileReference; fileEncoding = 4; lastKnownFileType = sourcecode.c.objc; path = AEMQuery.m; sourceTree = "<group>"; };
		4F1AA03A19F92D6000FBD23E /* AEMSpecifier.h */ = {isa = PBXFileReference; fileEncoding = 4; lastKnownFileType = sourcecode.c.h; path = AEMSpecifier.h; sourceTree = "<group>"; };
		4F1AA03B19F92D6000FBD23E /* AEMSpecifier.m */ = {isa = PBXFileReference; fileEncoding = 4; lastKnownFileType = sourcecode.c.objc; lineEnding = 0; path = AEMSpecifier.m; sourceTree = "<group>"; xcLanguageSpecificationIdentifier = xcode.lang.objc; };
		4F1AA03C19F92D6000FBD23E /* AEMTestSpecifier.h */ = {isa = PBXFileReference; fileEncoding = 4; lastKnownFileType = sourcecode.c.h; path = AEMTestSpecifier.h; sourceTree = "<group>"; };
		4F1AA03D19F92D6000FBD23E /* AEMTestSpecifier.m */ = {isa = PBXFileReference; fileEncoding = 4; lastKnownFileType = sourcecode.c.objc; path = AEMTestSpecifier.m; sourceTree = "<group>"; };
		4F1AA03E19F92D6000FBD23E /* AEMTypes.h */ = {isa = PBXFileReference; fileEncoding = 4; lastKnownFileType = sourcecode.c.h; path = AEMTypes.h; sourceTree = "<group>"; };
		4F1AA03F19F92D6000FBD23E /* AEMTypes.m */ = {isa = PBXFileReference; fileEncoding = 4; lastKnownFileType = sourcecode.c.objc; lineEnding = 0; path = AEMTypes.m; sourceTree = "<group>"; xcLanguageSpecificationIdentifier = xcode.lang.objc; };
		4F1AA04219F92D6000FBD23E /* AEMUtils.h */ = {isa = PBXFileReference; fileEncoding = 4; lastKnownFileType = sourcecode.c.h; path = AEMUtils.h; sourceTree = "<group>"; };
		4F1AA04319F92D6000FBD23E /* AEMUtils.m */ = {isa = PBXFileReference; fileEncoding = 4; lastKnownFileType = sourcecode.c.objc; path = AEMUtils.m; sourceTree = "<group>"; };
		4F70FBD41A3123AC0051CA21 /* NSAppleEventDescriptor+AEDescMoreExtensions.h */ = {isa = PBXFileReference; fileEncoding = 4; lastKnownFileType = sourcecode.c.h; path = "NSAppleEventDescriptor+AEDescMoreExtensions.h"; sourceTree = "<group>"; };
		4F70FBD51A3123AC0051CA21 /* NSAppleEventDescriptor+AEDescMoreExtensions.m */ = {isa = PBXFileReference; fileEncoding = 4; lastKnownFileType = sourcecode.c.objc; path = "NSAppleEventDescriptor+AEDescMoreExtensions.m"; sourceTree = "<group>"; };
		4FA7A88B1A02412600F0E578 /* AEMURL.h */ = {isa = PBXFileReference; fileEncoding = 4; lastKnownFileType = sourcecode.c.h; path = AEMURL.h; sourceTree = "<group>"; };
		4FA7A88C1A02412600F0E578 /* AEMURL.m */ = {isa = PBXFileReference; fileEncoding = 4; lastKnownFileType = sourcecode.c.objc; path = AEMURL.m; sourceTree = "<group>"; };
		4FA7A8AC1A06EAA100F0E578 /* NSAppleEventDescriptor+AEDescExtensions.h */ = {isa = PBXFileReference; fileEncoding = 4; lastKnownFileType = sourcecode.c.h; path = "NSAppleEventDescriptor+AEDescExtensions.h"; sourceTree = "<group>"; };
		4FA7A8AD1A06EAA100F0E578 /* NSAppleEventDescriptor+AEDescExtensions.m */ = {isa = PBXFileReference; fileEncoding = 4; lastKnownFileType = sourcecode.c.objc; path = "NSAppleEventDescriptor+AEDescExtensions.m"; sourceTree = "<group>"; };
		4FA7A8B61A0A607400F0E578 /* aebdemo */ = {isa = PBXFileReference; explicitFileType = "compiled.mach-o.executable"; includeInIndex = 0; path = aebdemo; sourceTree = BUILT_PRODUCTS_DIR; };
		4FA7A8B81A0A607400F0E578 /* main.m */ = {isa = PBXFileReference; lastKnownFileType = sourcecode.c.objc; path = main.m; sourceTree = "<group>"; };
		4FA7A8BD1A0A706300F0E578 /* AEMCopyScriptingDefinitionFromURL.c */ = {isa = PBXFileReference; fileEncoding = 4; lastKnownFileType = sourcecode.c.c; path = AEMCopyScriptingDefinitionFromURL.c; sourceTree = "<group>"; };
		4FA7A8BE1A0A706300F0E578 /* AEMCopyScriptingDefinitionFromURL.h */ = {isa = PBXFileReference; fileEncoding = 4; lastKnownFileType = sourcecode.c.h; path = AEMCopyScriptingDefinitionFromURL.h; sourceTree = "<group>"; };
		4FA7A8C41A0A99AE00F0E578 /* Carbon.framework */ = {isa = PBXFileReference; lastKnownFileType = wrapper.framework; name = Carbon.framework; path = System/Library/Frameworks/Carbon.framework; sourceTree = SDKROOT; };
		4FCE80FC1A0C2E3500C54EAC /* TEApplicationGlue.h */ = {isa = PBXFileReference; fileEncoding = 4; lastKnownFileType = sourcecode.c.h; path = TEApplicationGlue.h; sourceTree = "<group>"; };
		4FCE80FD1A0C2E3500C54EAC /* TEApplicationGlue.m */ = {isa = PBXFileReference; fileEncoding = 4; lastKnownFileType = sourcecode.c.objc; path = TEApplicationGlue.m; sourceTree = "<group>"; };
		4FCE80FE1A0C2E3500C54EAC /* TECommandGlue.h */ = {isa = PBXFileReference; fileEncoding = 4; lastKnownFileType = sourcecode.c.h; path = TECommandGlue.h; sourceTree = "<group>"; };
		4FCE80FF1A0C2E3500C54EAC /* TECommandGlue.m */ = {isa = PBXFileReference; fileEncoding = 4; lastKnownFileType = sourcecode.c.objc; path = TECommandGlue.m; sourceTree = "<group>"; };
		4FCE81001A0C2E3500C54EAC /* TESymbolGlue.h */ = {isa = PBXFileReference; fileEncoding = 4; lastKnownFileType = sourcecode.c.h; path = TESymbolGlue.h; sourceTree = "<group>"; };
		4FCE81011A0C2E3500C54EAC /* TESymbolGlue.m */ = {isa = PBXFileReference; fileEncoding = 4; lastKnownFileType = sourcecode.c.objc; path = TESymbolGlue.m; sourceTree = "<group>"; };
		4FCE81021A0C2E3500C54EAC /* TEFormatterGlue.h */ = {isa = PBXFileReference; fileEncoding = 4; lastKnownFileType = sourcecode.c.h; path = TEFormatterGlue.h; sourceTree = "<group>"; };
		4FCE81031A0C2E3500C54EAC /* TEFormatterGlue.m */ = {isa = PBXFileReference; fileEncoding = 4; lastKnownFileType = sourcecode.c.objc; path = TEFormatterGlue.m; sourceTree = "<group>"; };
		4FCE81041A0C2E3500C54EAC /* TERawCodes.h */ = {isa = PBXFileReference; fileEncoding = 4; lastKnownFileType = sourcecode.c.h; path = TERawCodes.h; sourceTree = "<group>"; };
		4FCE81051A0C2E3500C54EAC /* TEGlue.h */ = {isa = PBXFileReference; fileEncoding = 4; lastKnownFileType = sourcecode.c.h; path = TEGlue.h; sourceTree = "<group>"; };
		4FCE81061A0C2E3500C54EAC /* TESpecifierGlue.h */ = {isa = PBXFileReference; fileEncoding = 4; lastKnownFileType = sourcecode.c.h; path = TESpecifierGlue.h; sourceTree = "<group>"; };
		4FCE81071A0C2E3500C54EAC /* TESpecifierGlue.m */ = {isa = PBXFileReference; fileEncoding = 4; lastKnownFileType = sourcecode.c.objc; path = TESpecifierGlue.m; sourceTree = "<group>"; };
		4FF619C81A0EC9C1002277B8 /* TextEdit.sdef */ = {isa = PBXFileReference; fileEncoding = 4; lastKnownFileType = text.xml; path = TextEdit.sdef; sourceTree = "<group>"; };
		4FFA2D371A129AAE00AF09E4 /* 1 introduction.md */ = {isa = PBXFileReference; fileEncoding = 4; lastKnownFileType = net.daringfireball.markdown; path = "1 introduction.md"; sourceTree = "<group>"; };
		4FFA2D381A129AAE00AF09E4 /* 10 optimizing-performance.md */ = {isa = PBXFileReference; fileEncoding = 4; lastKnownFileType = net.daringfireball.markdown; path = "10 optimizing-performance.md"; sourceTree = "<group>"; };
		4FFA2D391A129AAE00AF09E4 /* 11 low-level-apis.md */ = {isa = PBXFileReference; fileEncoding = 4; lastKnownFileType = net.daringfireball.markdown; path = "11 low-level-apis.md"; sourceTree = "<group>"; };
		4FFA2D3A1A129AAE00AF09E4 /* 12 notes.md */ = {isa = PBXFileReference; fileEncoding = 4; lastKnownFileType = net.daringfireball.markdown; path = "12 notes.md"; sourceTree = "<group>"; };
		4FFA2D3B1A129AAE00AF09E4 /* 2 understanding-apple-events.md */ = {isa = PBXFileReference; fileEncoding = 4; lastKnownFileType = net.daringfireball.markdown; path = "2 understanding-apple-events.md"; sourceTree = "<group>"; };
		4FFA2D3C1A129AAE00AF09E4 /* 3 how-appleeventbridge-works.md */ = {isa = PBXFileReference; fileEncoding = 4; lastKnownFileType = net.daringfireball.markdown; path = "3 how-appleeventbridge-works.md"; sourceTree = "<group>"; };
		4FFA2D3D1A129AAE00AF09E4 /* 4 creating-and-using-static-glues.md */ = {isa = PBXFileReference; fileEncoding = 4; lastKnownFileType = net.daringfireball.markdown; path = "4 creating-and-using-static-glues.md"; sourceTree = "<group>"; };
		4FFA2D3E1A129AAE00AF09E4 /* 5 objc-ae-type-mappings.md */ = {isa = PBXFileReference; fileEncoding = 4; lastKnownFileType = net.daringfireball.markdown; path = "5 objc-ae-type-mappings.md"; sourceTree = "<group>"; };
		4FFA2D3F1A129AAE00AF09E4 /* 6 application-objects.md */ = {isa = PBXFileReference; fileEncoding = 4; lastKnownFileType = net.daringfireball.markdown; path = "6 application-objects.md"; sourceTree = "<group>"; };
		4FFA2D401A129AAE00AF09E4 /* 7 object-specifiers.md */ = {isa = PBXFileReference; fileEncoding = 4; lastKnownFileType = net.daringfireball.markdown; path = "7 object-specifiers.md"; sourceTree = "<group>"; };
		4FFA2D411A129AAE00AF09E4 /* 8 commands.md */ = {isa = PBXFileReference; fileEncoding = 4; lastKnownFileType = net.daringfireball.markdown; path = "8 commands.md"; sourceTree = "<group>"; };
		4FFA2D421A129AAE00AF09E4 /* 9 examples.md */ = {isa = PBXFileReference; fileEncoding = 4; lastKnownFileType = net.daringfireball.markdown; path = "9 examples.md"; sourceTree = "<group>"; };
		4FFA2D431A129AAE00AF09E4 /* application_architecture.gif */ = {isa = PBXFileReference; lastKnownFileType = image.gif; path = application_architecture.gif; sourceTree = "<group>"; };
		4FFA2D441A129AAE00AF09E4 /* application_architecture2.gif */ = {isa = PBXFileReference; lastKnownFileType = image.gif; path = application_architecture2.gif; sourceTree = "<group>"; };
		4FFA2D451A129AAE00AF09E4 /* client_app_to_itunes_event.gif */ = {isa = PBXFileReference; lastKnownFileType = image.gif; path = client_app_to_itunes_event.gif; sourceTree = "<group>"; };
		4FFA2D461A129AAE00AF09E4 /* finder_to_textedit_event.gif */ = {isa = PBXFileReference; lastKnownFileType = image.gif; path = finder_to_textedit_event.gif; sourceTree = "<group>"; };
		4FFA2D471A129AAE00AF09E4 /* full.css */ = {isa = PBXFileReference; fileEncoding = 4; lastKnownFileType = text.css; path = full.css; sourceTree = "<group>"; };
		4FFA2D481A129AAE00AF09E4 /* relationships_example.gif */ = {isa = PBXFileReference; lastKnownFileType = image.gif; path = relationships_example.gif; sourceTree = "<group>"; };
		4FFA2D5B1A129AD700AF09E4 /* mkdoc */ = {isa = PBXFileReference; fileEncoding = 4; lastKnownFileType = text.script.python; path = mkdoc; sourceTree = "<group>"; };
		4FFA2D5E1A129B7E00AF09E4 /* application-objects.html */ = {isa = PBXFileReference; lastKnownFileType = text.html; path = "application-objects.html"; sourceTree = "<group>"; };
		4FFA2D5F1A129B7E00AF09E4 /* application_architecture.gif */ = {isa = PBXFileReference; lastKnownFileType = image.gif; path = application_architecture.gif; sourceTree = "<group>"; };
		4FFA2D601A129B7E00AF09E4 /* application_architecture2.gif */ = {isa = PBXFileReference; lastKnownFileType = image.gif; path = application_architecture2.gif; sourceTree = "<group>"; };
		4FFA2D611A129B7E00AF09E4 /* client_app_to_itunes_event.gif */ = {isa = PBXFileReference; lastKnownFileType = image.gif; path = client_app_to_itunes_event.gif; sourceTree = "<group>"; };
		4FFA2D621A129B7E00AF09E4 /* commands.html */ = {isa = PBXFileReference; lastKnownFileType = text.html; path = commands.html; sourceTree = "<group>"; };
		4FFA2D631A129B7E00AF09E4 /* creating-and-using-static-glues.html */ = {isa = PBXFileReference; lastKnownFileType = text.html; path = "creating-and-using-static-glues.html"; sourceTree = "<group>"; };
		4FFA2D641A129B7E00AF09E4 /* examples.html */ = {isa = PBXFileReference; lastKnownFileType = text.html; path = examples.html; sourceTree = "<group>"; };
		4FFA2D651A129B7E00AF09E4 /* finder_to_textedit_event.gif */ = {isa = PBXFileReference; lastKnownFileType = image.gif; path = finder_to_textedit_event.gif; sourceTree = "<group>"; };
		4FFA2D661A129B7E00AF09E4 /* full.css */ = {isa = PBXFileReference; lastKnownFileType = text.css; path = full.css; sourceTree = "<group>"; };
		4FFA2D671A129B7E00AF09E4 /* how-appleeventbridge-works.html */ = {isa = PBXFileReference; lastKnownFileType = text.html; path = "how-appleeventbridge-works.html"; sourceTree = "<group>"; };
		4FFA2D681A129B7E00AF09E4 /* index.html */ = {isa = PBXFileReference; lastKnownFileType = text.html; path = index.html; sourceTree = "<group>"; };
		4FFA2D691A129B7E00AF09E4 /* introduction.html */ = {isa = PBXFileReference; lastKnownFileType = text.html; path = introduction.html; sourceTree = "<group>"; };
		4FFA2D6A1A129B7E00AF09E4 /* low-level-apis.html */ = {isa = PBXFileReference; lastKnownFileType = text.html; path = "low-level-apis.html"; sourceTree = "<group>"; };
		4FFA2D6B1A129B7E00AF09E4 /* notes.html */ = {isa = PBXFileReference; lastKnownFileType = text.html; path = notes.html; sourceTree = "<group>"; };
		4FFA2D6C1A129B7E00AF09E4 /* objc-ae-type-mappings.html */ = {isa = PBXFileReference; lastKnownFileType = text.html; path = "objc-ae-type-mappings.html"; sourceTree = "<group>"; };
		4FFA2D6D1A129B7E00AF09E4 /* object-specifiers.html */ = {isa = PBXFileReference; lastKnownFileType = text.html; path = "object-specifiers.html"; sourceTree = "<group>"; };
		4FFA2D6E1A129B7E00AF09E4 /* optimizing-performance.html */ = {isa = PBXFileReference; lastKnownFileType = text.html; path = "optimizing-performance.html"; sourceTree = "<group>"; };
		4FFA2D6F1A129B7E00AF09E4 /* relationships_example.gif */ = {isa = PBXFileReference; lastKnownFileType = image.gif; path = relationships_example.gif; sourceTree = "<group>"; };
		4FFA2D701A129B7E00AF09E4 /* understanding-apple-events.html */ = {isa = PBXFileReference; lastKnownFileType = text.html; path = "understanding-apple-events.html"; sourceTree = "<group>"; };
		4FFA2D851A129BEC00AF09E4 /* README */ = {isa = PBXFileReference; lastKnownFileType = text; path = README; sourceTree = "<group>"; };
		4FFA2D861A129CE700AF09E4 /* .gitignore */ = {isa = PBXFileReference; lastKnownFileType = text; path = .gitignore; sourceTree = "<group>"; };
		4FFA2EAC1A13A05300AF09E4 /* AppleEventBridge-Info.plist */ = {isa = PBXFileReference; fileEncoding = 4; lastKnownFileType = text.plist.xml; path = "AppleEventBridge-Info.plist"; sourceTree = "<group>"; };
/* End PBXFileReference section */

/* Begin PBXFrameworksBuildPhase section */
		4F1A9FF019F92A9F00FBD23E /* Frameworks */ = {
			isa = PBXFrameworksBuildPhase;
			buildActionMask = 2147483647;
			files = (
				4FA7A8C51A0A99AE00F0E578 /* Carbon.framework in Frameworks */,
				4F1AA01219F92B4C00FBD23E /* AppKit.framework in Frameworks */,
				4F1AA01319F92B4C00FBD23E /* Foundation.framework in Frameworks */,
			);
			runOnlyForDeploymentPostprocessing = 0;
		};
		4F1A9FFC19F92A9F00FBD23E /* Frameworks */ = {
			isa = PBXFrameworksBuildPhase;
			buildActionMask = 2147483647;
			files = (
				4F1AA00019F92A9F00FBD23E /* AppleEventBridge.framework in Frameworks */,
			);
			runOnlyForDeploymentPostprocessing = 0;
		};
		4FA7A8B31A0A607400F0E578 /* Frameworks */ = {
			isa = PBXFrameworksBuildPhase;
			buildActionMask = 2147483647;
			files = (
				4FA7A8C21A0A79B900F0E578 /* Foundation.framework in Frameworks */,
				4FA7A8C31A0A79BC00F0E578 /* AppleEventBridge.framework in Frameworks */,
			);
			runOnlyForDeploymentPostprocessing = 0;
		};
/* End PBXFrameworksBuildPhase section */

/* Begin PBXGroup section */
		4F1A9FEA19F92A9E00FBD23E = {
			isa = PBXGroup;
			children = (
				4FFA2D851A129BEC00AF09E4 /* README */,
				4F1A9FF619F92A9F00FBD23E /* AppleEventBridge */,
				4FA7A8B71A0A607400F0E578 /* aebdemo */,
				4F1AA01419F92D2F00FBD23E /* Frameworks */,
				4F1AA00319F92A9F00FBD23E /* AppleEventBridgeTests */,
				4F1A9FF519F92A9F00FBD23E /* Products */,
				4FFA2D861A129CE700AF09E4 /* .gitignore */,
			);
			sourceTree = "<group>";
		};
		4F1A9FF519F92A9F00FBD23E /* Products */ = {
			isa = PBXGroup;
			children = (
				4F1A9FF419F92A9F00FBD23E /* AppleEventBridge.framework */,
				4F1A9FFF19F92A9F00FBD23E /* AppleEventBridgeTests.xctest */,
				4FA7A8B61A0A607400F0E578 /* aebdemo */,
			);
			name = Products;
			sourceTree = "<group>";
		};
		4F1A9FF619F92A9F00FBD23E /* AppleEventBridge */ = {
			isa = PBXGroup;
			children = (
				4F1A9FF919F92A9F00FBD23E /* AppleEventBridge.h */,
				4FFA2D361A129AAE00AF09E4 /* doc-source */,
				4FFA2D5D1A129B7E00AF09E4 /* doc-html */,
				4F1AA07D19F92D7D00FBD23E /* bin */,
				4F1AA08119F92E4C00FBD23E /* AEB (high-level glue support) */,
				4F1AA07E19F92D9B00FBD23E /* AEM (low-level API) */,
				4FA7A8C11A0A707400F0E578 /* LEGACY API WRAPPERS */,
				4F1A9FF719F92A9F00FBD23E /* Supporting Files */,
			);
			path = AppleEventBridge;
			sourceTree = "<group>";
		};
		4F1A9FF719F92A9F00FBD23E /* Supporting Files */ = {
			isa = PBXGroup;
			children = (
				4FFA2EAC1A13A05300AF09E4 /* AppleEventBridge-Info.plist */,
			);
			name = "Supporting Files";
			sourceTree = "<group>";
		};
		4F1AA00319F92A9F00FBD23E /* AppleEventBridgeTests */ = {
			isa = PBXGroup;
			children = (
				4F1AA00619F92A9F00FBD23E /* AppleEventBridgeTests.m */,
				4F1AA00419F92A9F00FBD23E /* Supporting Files */,
			);
			path = AppleEventBridgeTests;
			sourceTree = "<group>";
		};
		4F1AA00419F92A9F00FBD23E /* Supporting Files */ = {
			isa = PBXGroup;
			children = (
				4F1AA00519F92A9F00FBD23E /* Info.plist */,
			);
			name = "Supporting Files";
			sourceTree = "<group>";
		};
		4F1AA01419F92D2F00FBD23E /* Frameworks */ = {
			isa = PBXGroup;
			children = (
				4FA7A8C41A0A99AE00F0E578 /* Carbon.framework */,
				4F1AA01119F92B4C00FBD23E /* Foundation.framework */,
				4F1AA01019F92B4C00FBD23E /* AppKit.framework */,
			);
			name = Frameworks;
			sourceTree = "<group>";
		};
		4F1AA07D19F92D7D00FBD23E /* bin */ = {
			isa = PBXGroup;
			children = (
				4F1AA02519F92D6000FBD23E /* aebglue */,
				4FFA2D5B1A129AD700AF09E4 /* mkdoc */,
			);
			name = bin;
			sourceTree = "<group>";
		};
		4F1AA07E19F92D9B00FBD23E /* AEM (low-level API) */ = {
			isa = PBXGroup;
			children = (
				4F1AA03019F92D6000FBD23E /* AEMApplication.h */,
				4F1AA03119F92D6000FBD23E /* AEMApplication.m */,
				4F1AA03219F92D6000FBD23E /* AEMCodecs.h */,
				4F1AA03319F92D6000FBD23E /* AEMCodecs.m */,
				4F1AA03419F92D6000FBD23E /* AEMEvent.h */,
				4F1AA03519F92D6000FBD23E /* AEMEvent.m */,
				4F1AA03619F92D6000FBD23E /* AEMFormatter.h */,
				4F1AA03719F92D6000FBD23E /* AEMFormatter.m */,
				4FA7A8B01A06EAC300F0E578 /* Query */,
				4FA7A8B11A06EAD200F0E578 /* Types */,
				4F1AA04219F92D6000FBD23E /* AEMUtils.h */,
				4F1AA04319F92D6000FBD23E /* AEMUtils.m */,
			);
			name = "AEM (low-level API)";
			sourceTree = "<group>";
		};
		4F1AA07F19F92E2A00FBD23E /* Static glue support */ = {
			isa = PBXGroup;
			children = (
				4F1AA02619F92D6000FBD23E /* AEBStaticAppData.h */,
				4F1AA02719F92D6000FBD23E /* AEBStaticAppData.m */,
				4F1AA02819F92D6000FBD23E /* AEBStaticCommand.h */,
				4F1AA02919F92D6000FBD23E /* AEBStaticCommand.m */,
				4F1AA02A19F92D6000FBD23E /* AEBStaticSymbol.h */,
				4F1AA02B19F92D6000FBD23E /* AEBStaticSymbol.m */,
				4F1AA02C19F92D6000FBD23E /* AEBStaticFormatter.h */,
				4F1AA02D19F92D6000FBD23E /* AEBStaticFormatter.m */,
				4F1AA02E19F92D6000FBD23E /* AEBStaticSpecifier.h */,
				4F1AA02F19F92D6000FBD23E /* AEBStaticSpecifier.m */,
			);
			name = "Static glue support";
			sourceTree = "<group>";
		};
		4F1AA08019F92E3400FBD23E /* Dynamic glue support */ = {
			isa = PBXGroup;
			children = (
				4F1AA01D19F92D6000FBD23E /* AEBDynamicAppData.h */,
				4F1AA01E19F92D6000FBD23E /* AEBDynamicAppData.m */,
				4F1AA01B19F92D6000FBD23E /* AEBDynamicAETEParser.h */,
				4F1AA01C19F92D6000FBD23E /* AEBDynamicAETEParser.m */,
				4F1AA01F19F92D6000FBD23E /* AEBDynamicSDEFParser.h */,
				4F1AA02019F92D6000FBD23E /* AEBDynamicSDEFParser.m */,
				4F1AA02119F92D6000FBD23E /* AEBDynamicTerm.h */,
				4F1AA02219F92D6000FBD23E /* AEBDynamicTerm.m */,
				4F1AA02319F92D6000FBD23E /* AEBDynamicTerminology.h */,
				4F1AA02419F92D6000FBD23E /* AEBDynamicTerminology.m */,
			);
			name = "Dynamic glue support";
			sourceTree = "<group>";
		};
		4F1AA08119F92E4C00FBD23E /* AEB (high-level glue support) */ = {
			isa = PBXGroup;
			children = (
				4F1AA01519F92D6000FBD23E /* AEBAppData.h */,
				4F1AA01619F92D6000FBD23E /* AEBAppData.m */,
				4F1AA01719F92D6000FBD23E /* AEBCommand.h */,
				4F1AA01819F92D6000FBD23E /* AEBCommand.m */,
				4F1AA01919F92D6000FBD23E /* AEBDefaultTerms.h */,
				4F1AA01A19F92D6000FBD23E /* AEBDefaultTerms.m */,
				4F1AA08019F92E3400FBD23E /* Dynamic glue support */,
				4F1AA07F19F92E2A00FBD23E /* Static glue support */,
			);
			name = "AEB (high-level glue support)";
			sourceTree = "<group>";
		};
		4FA7A8B01A06EAC300F0E578 /* Query */ = {
			isa = PBXGroup;
			children = (
				4F1AA03819F92D6000FBD23E /* AEMQuery.h */,
				4F1AA03919F92D6000FBD23E /* AEMQuery.m */,
				4F1AA03A19F92D6000FBD23E /* AEMSpecifier.h */,
				4F1AA03B19F92D6000FBD23E /* AEMSpecifier.m */,
				4F1AA03C19F92D6000FBD23E /* AEMTestSpecifier.h */,
				4F1AA03D19F92D6000FBD23E /* AEMTestSpecifier.m */,
			);
			name = Query;
			sourceTree = "<group>";
		};
		4FA7A8B11A06EAD200F0E578 /* Types */ = {
			isa = PBXGroup;
			children = (
				4F1AA03E19F92D6000FBD23E /* AEMTypes.h */,
				4F1AA03F19F92D6000FBD23E /* AEMTypes.m */,
				4FA7A88B1A02412600F0E578 /* AEMURL.h */,
				4FA7A88C1A02412600F0E578 /* AEMURL.m */,
			);
			name = Types;
			sourceTree = "<group>";
		};
		4FA7A8B71A0A607400F0E578 /* aebdemo */ = {
			isa = PBXGroup;
			children = (
				4FA7A8B81A0A607400F0E578 /* main.m */,
				4FCE80FB1A0C2E3500C54EAC /* TEGlue */,
			);
			path = aebdemo;
			sourceTree = "<group>";
		};
		4FA7A8C11A0A707400F0E578 /* LEGACY API WRAPPERS */ = {
			isa = PBXGroup;
			children = (
				4FA7A8AC1A06EAA100F0E578 /* NSAppleEventDescriptor+AEDescExtensions.h */,
				4FA7A8AD1A06EAA100F0E578 /* NSAppleEventDescriptor+AEDescExtensions.m */,
				4F70FBD41A3123AC0051CA21 /* NSAppleEventDescriptor+AEDescMoreExtensions.h */,
				4F70FBD51A3123AC0051CA21 /* NSAppleEventDescriptor+AEDescMoreExtensions.m */,
				4FA7A8BE1A0A706300F0E578 /* AEMCopyScriptingDefinitionFromURL.h */,
				4FA7A8BD1A0A706300F0E578 /* AEMCopyScriptingDefinitionFromURL.c */,
			);
			name = "LEGACY API WRAPPERS";
			sourceTree = "<group>";
		};
		4FCE80FB1A0C2E3500C54EAC /* TEGlue */ = {
			isa = PBXGroup;
			children = (
				4FCE81051A0C2E3500C54EAC /* TEGlue.h */,
				4FCE80FC1A0C2E3500C54EAC /* TEApplicationGlue.h */,
				4FCE80FD1A0C2E3500C54EAC /* TEApplicationGlue.m */,
				4FCE80FE1A0C2E3500C54EAC /* TECommandGlue.h */,
				4FCE80FF1A0C2E3500C54EAC /* TECommandGlue.m */,
				4FCE81021A0C2E3500C54EAC /* TEFormatterGlue.h */,
				4FCE81031A0C2E3500C54EAC /* TEFormatterGlue.m */,
				4FCE81041A0C2E3500C54EAC /* TERawCodes.h */,
				4FCE81061A0C2E3500C54EAC /* TESpecifierGlue.h */,
				4FCE81071A0C2E3500C54EAC /* TESpecifierGlue.m */,
				4FCE81001A0C2E3500C54EAC /* TESymbolGlue.h */,
				4FCE81011A0C2E3500C54EAC /* TESymbolGlue.m */,
				4FF619C81A0EC9C1002277B8 /* TextEdit.sdef */,
			);
			path = TEGlue;
			sourceTree = "<group>";
		};
		4FFA2D361A129AAE00AF09E4 /* doc-source */ = {
			isa = PBXGroup;
			children = (
				4FFA2D371A129AAE00AF09E4 /* 1 introduction.md */,
				4FFA2D3B1A129AAE00AF09E4 /* 2 understanding-apple-events.md */,
				4FFA2D3C1A129AAE00AF09E4 /* 3 how-appleeventbridge-works.md */,
				4FFA2D3D1A129AAE00AF09E4 /* 4 creating-and-using-static-glues.md */,
				4FFA2D3E1A129AAE00AF09E4 /* 5 objc-ae-type-mappings.md */,
				4FFA2D3F1A129AAE00AF09E4 /* 6 application-objects.md */,
				4FFA2D401A129AAE00AF09E4 /* 7 object-specifiers.md */,
				4FFA2D411A129AAE00AF09E4 /* 8 commands.md */,
				4FFA2D421A129AAE00AF09E4 /* 9 examples.md */,
				4FFA2D381A129AAE00AF09E4 /* 10 optimizing-performance.md */,
				4FFA2D391A129AAE00AF09E4 /* 11 low-level-apis.md */,
				4FFA2D3A1A129AAE00AF09E4 /* 12 notes.md */,
				4FFA2D431A129AAE00AF09E4 /* application_architecture.gif */,
				4FFA2D441A129AAE00AF09E4 /* application_architecture2.gif */,
				4FFA2D451A129AAE00AF09E4 /* client_app_to_itunes_event.gif */,
				4FFA2D461A129AAE00AF09E4 /* finder_to_textedit_event.gif */,
				4FFA2D481A129AAE00AF09E4 /* relationships_example.gif */,
				4FFA2D471A129AAE00AF09E4 /* full.css */,
			);
			path = "doc-source";
			sourceTree = "<group>";
		};
		4FFA2D5D1A129B7E00AF09E4 /* doc-html */ = {
			isa = PBXGroup;
			children = (
				4FFA2D681A129B7E00AF09E4 /* index.html */,
				4FFA2D691A129B7E00AF09E4 /* introduction.html */,
				4FFA2D701A129B7E00AF09E4 /* understanding-apple-events.html */,
				4FFA2D671A129B7E00AF09E4 /* how-appleeventbridge-works.html */,
				4FFA2D631A129B7E00AF09E4 /* creating-and-using-static-glues.html */,
				4FFA2D6C1A129B7E00AF09E4 /* objc-ae-type-mappings.html */,
				4FFA2D5E1A129B7E00AF09E4 /* application-objects.html */,
				4FFA2D6D1A129B7E00AF09E4 /* object-specifiers.html */,
				4FFA2D621A129B7E00AF09E4 /* commands.html */,
				4FFA2D641A129B7E00AF09E4 /* examples.html */,
				4FFA2D6E1A129B7E00AF09E4 /* optimizing-performance.html */,
				4FFA2D6A1A129B7E00AF09E4 /* low-level-apis.html */,
				4FFA2D6B1A129B7E00AF09E4 /* notes.html */,
				4FFA2D5F1A129B7E00AF09E4 /* application_architecture.gif */,
				4FFA2D601A129B7E00AF09E4 /* application_architecture2.gif */,
				4FFA2D611A129B7E00AF09E4 /* client_app_to_itunes_event.gif */,
				4FFA2D651A129B7E00AF09E4 /* finder_to_textedit_event.gif */,
				4FFA2D661A129B7E00AF09E4 /* full.css */,
				4FFA2D6F1A129B7E00AF09E4 /* relationships_example.gif */,
			);
			path = "doc-html";
			sourceTree = "<group>";
		};
/* End PBXGroup section */

/* Begin PBXHeadersBuildPhase section */
		4F1A9FF119F92A9F00FBD23E /* Headers */ = {
			isa = PBXHeadersBuildPhase;
			buildActionMask = 2147483647;
			files = (
				4F1A9FFA19F92A9F00FBD23E /* AppleEventBridge.h in Headers */,
				4F1AA06019F92D6000FBD23E /* AEBStaticFormatter.h in Headers */,
				4F1AA05719F92D6000FBD23E /* AEBDynamicTerminology.h in Headers */,
				4F1AA05C19F92D6000FBD23E /* AEBStaticCommand.h in Headers */,
				4F1AA07619F92D6000FBD23E /* AEMUtils.h in Headers */,
				4F1AA06219F92D6000FBD23E /* AEBStaticSpecifier.h in Headers */,
				4F1AA06619F92D6000FBD23E /* AEMCodecs.h in Headers */,
				4F1AA05319F92D6000FBD23E /* AEBDynamicSDEFParser.h in Headers */,
				4F1AA04B19F92D6000FBD23E /* AEBCommand.h in Headers */,
				4F1AA06819F92D6000FBD23E /* AEMEvent.h in Headers */,
				4F1AA06419F92D6000FBD23E /* AEMApplication.h in Headers */,
				4F1AA05519F92D6000FBD23E /* AEBDynamicTerm.h in Headers */,
				4FA7A88D1A02412600F0E578 /* AEMURL.h in Headers */,
				4F1AA06C19F92D6000FBD23E /* AEMQuery.h in Headers */,
				4F1AA04919F92D6000FBD23E /* AEBAppData.h in Headers */,
				4F1AA05E19F92D6000FBD23E /* AEBStaticSymbol.h in Headers */,
				4F1AA04D19F92D6000FBD23E /* AEBDefaultTerms.h in Headers */,
				4F1AA05A19F92D6000FBD23E /* AEBStaticAppData.h in Headers */,
				4F1AA07019F92D6000FBD23E /* AEMTestSpecifier.h in Headers */,
				4F1AA04F19F92D6000FBD23E /* AEBDynamicAETEParser.h in Headers */,
				4F1AA07219F92D6000FBD23E /* AEMTypes.h in Headers */,
				4F1AA06E19F92D6000FBD23E /* AEMSpecifier.h in Headers */,
				4F1AA05119F92D6000FBD23E /* AEBDynamicAppData.h in Headers */,
				4F1AA06A19F92D6000FBD23E /* AEMFormatter.h in Headers */,
				4FA7A8AE1A06EAA100F0E578 /* NSAppleEventDescriptor+AEDescExtensions.h in Headers */,
				4F70FBD61A3123AC0051CA21 /* NSAppleEventDescriptor+AEDescMoreExtensions.h in Headers */,
				4FA7A8C01A0A706300F0E578 /* AEMCopyScriptingDefinitionFromURL.h in Headers */,
			);
			runOnlyForDeploymentPostprocessing = 0;
		};
/* End PBXHeadersBuildPhase section */

/* Begin PBXNativeTarget section */
		4F1A9FF319F92A9F00FBD23E /* AppleEventBridge */ = {
			isa = PBXNativeTarget;
			buildConfigurationList = 4F1AA00A19F92A9F00FBD23E /* Build configuration list for PBXNativeTarget "AppleEventBridge" */;
			buildPhases = (
				4F1A9FEF19F92A9F00FBD23E /* Sources */,
				4F1A9FF019F92A9F00FBD23E /* Frameworks */,
				4F1A9FF119F92A9F00FBD23E /* Headers */,
				4F1A9FF219F92A9F00FBD23E /* Resources */,
				4FF619C41A0CF500002277B8 /* Copy Files (aebglue) */,
				4FFA2D711A129BAB00AF09E4 /* Copy Files (documentation) */,
				4F70FBD81A33B6210051CA21 /* Run Script (gen_bridge_metadata) */,
			);
			buildRules = (
			);
			dependencies = (
			);
			name = AppleEventBridge;
			productName = AppleEventBridge;
			productReference = 4F1A9FF419F92A9F00FBD23E /* AppleEventBridge.framework */;
			productType = "com.apple.product-type.framework";
		};
		4F1A9FFE19F92A9F00FBD23E /* AppleEventBridgeTests */ = {
			isa = PBXNativeTarget;
			buildConfigurationList = 4F1AA00D19F92A9F00FBD23E /* Build configuration list for PBXNativeTarget "AppleEventBridgeTests" */;
			buildPhases = (
				4F1A9FFB19F92A9F00FBD23E /* Sources */,
				4F1A9FFC19F92A9F00FBD23E /* Frameworks */,
				4F1A9FFD19F92A9F00FBD23E /* Resources */,
			);
			buildRules = (
			);
			dependencies = (
				4F1AA00219F92A9F00FBD23E /* PBXTargetDependency */,
			);
			name = AppleEventBridgeTests;
			productName = AppleEventBridgeTests;
			productReference = 4F1A9FFF19F92A9F00FBD23E /* AppleEventBridgeTests.xctest */;
			productType = "com.apple.product-type.bundle.unit-test";
		};
		4FA7A8B51A0A607400F0E578 /* aebdemo */ = {
			isa = PBXNativeTarget;
			buildConfigurationList = 4FA7A8BA1A0A607400F0E578 /* Build configuration list for PBXNativeTarget "aebdemo" */;
			buildPhases = (
				4FA7A8B21A0A607400F0E578 /* Sources */,
				4FA7A8B31A0A607400F0E578 /* Frameworks */,
				4FA7A8B41A0A607400F0E578 /* CopyFiles */,
			);
			buildRules = (
			);
			dependencies = (
				4FCE80E71A0B894A00C54EAC /* PBXTargetDependency */,
			);
			name = aebdemo;
			productName = aebdemo;
			productReference = 4FA7A8B61A0A607400F0E578 /* aebdemo */;
			productType = "com.apple.product-type.tool";
		};
/* End PBXNativeTarget section */

/* Begin PBXProject section */
		4F1A9FEB19F92A9E00FBD23E /* Project object */ = {
			isa = PBXProject;
			attributes = {
				LastUpgradeCheck = 0610;
				ORGANIZATIONNAME = org.bitbucket.hhas;
				TargetAttributes = {
					4F1A9FF319F92A9F00FBD23E = {
						CreatedOnToolsVersion = 6.1;
					};
					4F1A9FFE19F92A9F00FBD23E = {
						CreatedOnToolsVersion = 6.1;
					};
					4FA7A8B51A0A607400F0E578 = {
						CreatedOnToolsVersion = 6.1;
					};
				};
			};
			buildConfigurationList = 4F1A9FEE19F92A9E00FBD23E /* Build configuration list for PBXProject "AppleEventBridge" */;
			compatibilityVersion = "Xcode 3.2";
			developmentRegion = English;
			hasScannedForEncodings = 0;
			knownRegions = (
				en,
			);
			mainGroup = 4F1A9FEA19F92A9E00FBD23E;
			productRefGroup = 4F1A9FF519F92A9F00FBD23E /* Products */;
			projectDirPath = "";
			projectRoot = "";
			targets = (
				4F1A9FF319F92A9F00FBD23E /* AppleEventBridge */,
				4F1A9FFE19F92A9F00FBD23E /* AppleEventBridgeTests */,
				4FA7A8B51A0A607400F0E578 /* aebdemo */,
			);
		};
/* End PBXProject section */

/* Begin PBXResourcesBuildPhase section */
		4F1A9FF219F92A9F00FBD23E /* Resources */ = {
			isa = PBXResourcesBuildPhase;
			buildActionMask = 2147483647;
			files = (
			);
			runOnlyForDeploymentPostprocessing = 0;
		};
		4F1A9FFD19F92A9F00FBD23E /* Resources */ = {
			isa = PBXResourcesBuildPhase;
			buildActionMask = 2147483647;
			files = (
			);
			runOnlyForDeploymentPostprocessing = 0;
		};
/* End PBXResourcesBuildPhase section */

/* Begin PBXShellScriptBuildPhase section */
		4F70FBD81A33B6210051CA21 /* Run Script (gen_bridge_metadata) */ = {
			isa = PBXShellScriptBuildPhase;
			buildActionMask = 12;
			files = (
			);
			inputPaths = (
			);
			name = "Run Script (gen_bridge_metadata)";
			outputPaths = (
			);
			runOnlyForDeploymentPostprocessing = 0;
			shellPath = /bin/sh;
			shellScript = "# generate .bridgeSupport file\n\nframeworkDir=\"$TARGET_BUILD_DIR/AppleEventBridge.framework\"\nbridgeSupportDir=\"$frameworkDir/Resources/BridgeSupport\"\n\nmkdir -p \"$bridgeSupportDir\"\n\ncd \"$frameworkDir/Headers\"\n\n\nheaderDir=\"$frameworkDir/Headers\"\nbridgeFile=\"$bridgeSupportDir/AppleEventBridge.bridgesupport\"\n\ncd \"$headerDir\"\n\n# gen_bridge_metadata is slow, so if .bridgeSupport file already exists then\n# don't bother regenerating it unless the header files have since changed\n\nfor headerFile in `ls \"$headerDir\"`\ndo\n  if [[ \"$headerFile\" -nt \"$bridgeFile\" ]]\n  then\n    gen_bridge_metadata -f \"$frameworkDir\"  -o \"$bridgeFile\" \\\n        -c \"-I $SDKROOT/usr/include -F $SDKROOT/System/Library/Frameworks\"\n    exit 0\n  fi\ndone\n\n\n\n\n";
		};
/* End PBXShellScriptBuildPhase section */

/* Begin PBXSourcesBuildPhase section */
		4F1A9FEF19F92A9F00FBD23E /* Sources */ = {
			isa = PBXSourcesBuildPhase;
			buildActionMask = 2147483647;
			files = (
				4F1AA05819F92D6000FBD23E /* AEBDynamicTerminology.m in Sources */,
				4FA7A88E1A02412600F0E578 /* AEMURL.m in Sources */,
				4F1AA05619F92D6000FBD23E /* AEBDynamicTerm.m in Sources */,
				4F1AA06F19F92D6000FBD23E /* AEMSpecifier.m in Sources */,
				4F1AA04E19F92D6000FBD23E /* AEBDefaultTerms.m in Sources */,
				4F1AA06B19F92D6000FBD23E /* AEMFormatter.m in Sources */,
				4F1AA06119F92D6000FBD23E /* AEBStaticFormatter.m in Sources */,
				4F1AA05F19F92D6000FBD23E /* AEBStaticSymbol.m in Sources */,
				4F1AA05B19F92D6000FBD23E /* AEBStaticAppData.m in Sources */,
				4F1AA06519F92D6000FBD23E /* AEMApplication.m in Sources */,
				4F1AA04C19F92D6000FBD23E /* AEBCommand.m in Sources */,
				4F1AA06319F92D6000FBD23E /* AEBStaticSpecifier.m in Sources */,
				4F1AA06D19F92D6000FBD23E /* AEMQuery.m in Sources */,
				4FA7A8AF1A06EAA100F0E578 /* NSAppleEventDescriptor+AEDescExtensions.m in Sources */,
				4F1AA05219F92D6000FBD23E /* AEBDynamicAppData.m in Sources */,
				4F1AA06919F92D6000FBD23E /* AEMEvent.m in Sources */,
				4F1AA07119F92D6000FBD23E /* AEMTestSpecifier.m in Sources */,
				4F70FBD71A3123AC0051CA21 /* NSAppleEventDescriptor+AEDescMoreExtensions.m in Sources */,
				4F1AA06719F92D6000FBD23E /* AEMCodecs.m in Sources */,
				4F1AA05019F92D6000FBD23E /* AEBDynamicAETEParser.m in Sources */,
				4F1AA04A19F92D6000FBD23E /* AEBAppData.m in Sources */,
				4F1AA05D19F92D6000FBD23E /* AEBStaticCommand.m in Sources */,
				4FA7A8BF1A0A706300F0E578 /* AEMCopyScriptingDefinitionFromURL.c in Sources */,
				4F1AA05419F92D6000FBD23E /* AEBDynamicSDEFParser.m in Sources */,
				4F1AA07719F92D6000FBD23E /* AEMUtils.m in Sources */,
				4F1AA07319F92D6000FBD23E /* AEMTypes.m in Sources */,
			);
			runOnlyForDeploymentPostprocessing = 0;
		};
		4F1A9FFB19F92A9F00FBD23E /* Sources */ = {
			isa = PBXSourcesBuildPhase;
			buildActionMask = 2147483647;
			files = (
				4F1AA00719F92A9F00FBD23E /* AppleEventBridgeTests.m in Sources */,
			);
			runOnlyForDeploymentPostprocessing = 0;
		};
		4FA7A8B21A0A607400F0E578 /* Sources */ = {
			isa = PBXSourcesBuildPhase;
			buildActionMask = 2147483647;
			files = (
				4FCE81081A0C2E3500C54EAC /* TEApplicationGlue.m in Sources */,
				4FCE81091A0C2E3500C54EAC /* TECommandGlue.m in Sources */,
				4FCE810B1A0C2E3500C54EAC /* TEFormatterGlue.m in Sources */,
				4FA7A8B91A0A607400F0E578 /* main.m in Sources */,
				4FCE810C1A0C2E3500C54EAC /* TESpecifierGlue.m in Sources */,
				4FCE810A1A0C2E3500C54EAC /* TESymbolGlue.m in Sources */,
			);
			runOnlyForDeploymentPostprocessing = 0;
		};
/* End PBXSourcesBuildPhase section */

/* Begin PBXTargetDependency section */
		4F1AA00219F92A9F00FBD23E /* PBXTargetDependency */ = {
			isa = PBXTargetDependency;
			target = 4F1A9FF319F92A9F00FBD23E /* AppleEventBridge */;
			targetProxy = 4F1AA00119F92A9F00FBD23E /* PBXContainerItemProxy */;
		};
		4FCE80E71A0B894A00C54EAC /* PBXTargetDependency */ = {
			isa = PBXTargetDependency;
			target = 4F1A9FF319F92A9F00FBD23E /* AppleEventBridge */;
			targetProxy = 4FCE80E61A0B894A00C54EAC /* PBXContainerItemProxy */;
		};
/* End PBXTargetDependency section */

/* Begin XCBuildConfiguration section */
		4F1AA00819F92A9F00FBD23E /* Debug */ = {
			isa = XCBuildConfiguration;
			buildSettings = {
				ALWAYS_SEARCH_USER_PATHS = NO;
				CLANG_CXX_LANGUAGE_STANDARD = "gnu++0x";
				CLANG_CXX_LIBRARY = "libc++";
				CLANG_ENABLE_MODULES = YES;
				CLANG_ENABLE_OBJC_ARC = YES;
				CLANG_WARN_BOOL_CONVERSION = YES;
				CLANG_WARN_CONSTANT_CONVERSION = YES;
				CLANG_WARN_DIRECT_OBJC_ISA_USAGE = YES_ERROR;
				CLANG_WARN_EMPTY_BODY = YES;
				CLANG_WARN_ENUM_CONVERSION = YES;
				CLANG_WARN_INT_CONVERSION = YES;
				CLANG_WARN_OBJC_ROOT_CLASS = YES_ERROR;
				CLANG_WARN_UNREACHABLE_CODE = YES;
				CLANG_WARN__DUPLICATE_METHOD_MATCH = YES;
				COPY_PHASE_STRIP = NO;
				CURRENT_PROJECT_VERSION = 1;
				ENABLE_STRICT_OBJC_MSGSEND = YES;
				GCC_C_LANGUAGE_STANDARD = gnu99;
				GCC_DYNAMIC_NO_PIC = NO;
				GCC_OPTIMIZATION_LEVEL = 0;
				GCC_PREPROCESSOR_DEFINITIONS = (
					"DEBUG=1",
					"$(inherited)",
				);
				GCC_SYMBOLS_PRIVATE_EXTERN = NO;
				GCC_WARN_64_TO_32_BIT_CONVERSION = YES;
				GCC_WARN_ABOUT_RETURN_TYPE = YES_ERROR;
				GCC_WARN_UNDECLARED_SELECTOR = YES;
				GCC_WARN_UNINITIALIZED_AUTOS = YES_AGGRESSIVE;
				GCC_WARN_UNUSED_FUNCTION = YES;
				GCC_WARN_UNUSED_VARIABLE = YES;
				MACOSX_DEPLOYMENT_TARGET = 10.9;
				MTL_ENABLE_DEBUG_INFO = YES;
				ONLY_ACTIVE_ARCH = YES;
				SDKROOT = macosx;
				VERSIONING_SYSTEM = "apple-generic";
				VERSION_INFO_PREFIX = "";
			};
			name = Debug;
		};
		4F1AA00919F92A9F00FBD23E /* Release */ = {
			isa = XCBuildConfiguration;
			buildSettings = {
				ALWAYS_SEARCH_USER_PATHS = NO;
				CLANG_CXX_LANGUAGE_STANDARD = "gnu++0x";
				CLANG_CXX_LIBRARY = "libc++";
				CLANG_ENABLE_MODULES = YES;
				CLANG_ENABLE_OBJC_ARC = YES;
				CLANG_WARN_BOOL_CONVERSION = YES;
				CLANG_WARN_CONSTANT_CONVERSION = YES;
				CLANG_WARN_DIRECT_OBJC_ISA_USAGE = YES_ERROR;
				CLANG_WARN_EMPTY_BODY = YES;
				CLANG_WARN_ENUM_CONVERSION = YES;
				CLANG_WARN_INT_CONVERSION = YES;
				CLANG_WARN_OBJC_ROOT_CLASS = YES_ERROR;
				CLANG_WARN_UNREACHABLE_CODE = YES;
				CLANG_WARN__DUPLICATE_METHOD_MATCH = YES;
				COPY_PHASE_STRIP = YES;
				CURRENT_PROJECT_VERSION = 1;
				DEBUG_INFORMATION_FORMAT = "dwarf-with-dsym";
				ENABLE_NS_ASSERTIONS = NO;
				ENABLE_STRICT_OBJC_MSGSEND = YES;
				GCC_C_LANGUAGE_STANDARD = gnu99;
				GCC_WARN_64_TO_32_BIT_CONVERSION = YES;
				GCC_WARN_ABOUT_RETURN_TYPE = YES_ERROR;
				GCC_WARN_UNDECLARED_SELECTOR = YES;
				GCC_WARN_UNINITIALIZED_AUTOS = YES_AGGRESSIVE;
				GCC_WARN_UNUSED_FUNCTION = YES;
				GCC_WARN_UNUSED_VARIABLE = YES;
				MACOSX_DEPLOYMENT_TARGET = 10.9;
				MTL_ENABLE_DEBUG_INFO = NO;
				SDKROOT = macosx;
				VERSIONING_SYSTEM = "apple-generic";
				VERSION_INFO_PREFIX = "";
			};
			name = Release;
		};
		4F1AA00B19F92A9F00FBD23E /* Debug */ = {
			isa = XCBuildConfiguration;
			buildSettings = {
				COMBINE_HIDPI_IMAGES = YES;
				DEFINES_MODULE = YES;
				DEPLOYMENT_LOCATION = YES;
				DSTROOT = $HOME;
				DYLIB_COMPATIBILITY_VERSION = 1;
				DYLIB_CURRENT_VERSION = 1;
				DYLIB_INSTALL_NAME_BASE = "@rpath";
				FRAMEWORK_VERSION = A;
				INFOPLIST_FILE = "AppleEventBridge/AppleEventBridge-Info.plist";
				INSTALL_PATH = /Library/Frameworks;
				LD_RUNPATH_SEARCH_PATHS = "$(inherited) @executable_path/../Frameworks @loader_path/Frameworks";
				MACOSX_DEPLOYMENT_TARGET = 10.9;
				PRODUCT_NAME = "$(TARGET_NAME)";
				SKIP_INSTALL = NO;
			};
			name = Debug;
		};
		4F1AA00C19F92A9F00FBD23E /* Release */ = {
			isa = XCBuildConfiguration;
			buildSettings = {
				COMBINE_HIDPI_IMAGES = YES;
				DEFINES_MODULE = YES;
				DEPLOYMENT_LOCATION = YES;
				DSTROOT = $HOME;
				DYLIB_COMPATIBILITY_VERSION = 1;
				DYLIB_CURRENT_VERSION = 1;
				DYLIB_INSTALL_NAME_BASE = "@rpath";
				FRAMEWORK_VERSION = A;
				INFOPLIST_FILE = "AppleEventBridge/AppleEventBridge-Info.plist";
				INSTALL_PATH = /Library/Frameworks;
				LD_RUNPATH_SEARCH_PATHS = "$(inherited) @executable_path/../Frameworks @loader_path/Frameworks";
				MACOSX_DEPLOYMENT_TARGET = 10.9;
				PRODUCT_NAME = "$(TARGET_NAME)";
				SKIP_INSTALL = NO;
			};
			name = Release;
		};
		4F1AA00E19F92A9F00FBD23E /* Debug */ = {
			isa = XCBuildConfiguration;
			buildSettings = {
				COMBINE_HIDPI_IMAGES = YES;
				FRAMEWORK_SEARCH_PATHS = (
					"$(DEVELOPER_FRAMEWORKS_DIR)",
					"$(inherited)",
				);
				GCC_PREPROCESSOR_DEFINITIONS = (
					"DEBUG=1",
					"$(inherited)",
				);
				INFOPLIST_FILE = AppleEventBridgeTests/Info.plist;
				LD_RUNPATH_SEARCH_PATHS = "$(inherited) @executable_path/../Frameworks @loader_path/../Frameworks";
				PRODUCT_NAME = "$(TARGET_NAME)";
			};
			name = Debug;
		};
		4F1AA00F19F92A9F00FBD23E /* Release */ = {
			isa = XCBuildConfiguration;
			buildSettings = {
				COMBINE_HIDPI_IMAGES = YES;
				FRAMEWORK_SEARCH_PATHS = (
					"$(DEVELOPER_FRAMEWORKS_DIR)",
					"$(inherited)",
				);
				INFOPLIST_FILE = AppleEventBridgeTests/Info.plist;
				LD_RUNPATH_SEARCH_PATHS = "$(inherited) @executable_path/../Frameworks @loader_path/../Frameworks";
				PRODUCT_NAME = "$(TARGET_NAME)";
			};
			name = Release;
		};
		4FA7A8BB1A0A607400F0E578 /* Debug */ = {
			isa = XCBuildConfiguration;
			buildSettings = {
				GCC_PREPROCESSOR_DEFINITIONS = (
					"DEBUG=1",
					"$(inherited)",
				);
				MACOSX_DEPLOYMENT_TARGET = 10.10;
				PRODUCT_NAME = "$(TARGET_NAME)";
			};
			name = Debug;
		};
		4FA7A8BC1A0A607400F0E578 /* Release */ = {
			isa = XCBuildConfiguration;
			buildSettings = {
				MACOSX_DEPLOYMENT_TARGET = 10.10;
				PRODUCT_NAME = "$(TARGET_NAME)";
			};
			name = Release;
		};
/* End XCBuildConfiguration section */

/* Begin XCConfigurationList section */
		4F1A9FEE19F92A9E00FBD23E /* Build configuration list for PBXProject "AppleEventBridge" */ = {
			isa = XCConfigurationList;
			buildConfigurations = (
				4F1AA00819F92A9F00FBD23E /* Debug */,
				4F1AA00919F92A9F00FBD23E /* Release */,
			);
			defaultConfigurationIsVisible = 0;
			defaultConfigurationName = Release;
		};
		4F1AA00A19F92A9F00FBD23E /* Build configuration list for PBXNativeTarget "AppleEventBridge" */ = {
			isa = XCConfigurationList;
			buildConfigurations = (
				4F1AA00B19F92A9F00FBD23E /* Debug */,
				4F1AA00C19F92A9F00FBD23E /* Release */,
			);
			defaultConfigurationIsVisible = 0;
			defaultConfigurationName = Release;
		};
		4F1AA00D19F92A9F00FBD23E /* Build configuration list for PBXNativeTarget "AppleEventBridgeTests" */ = {
			isa = XCConfigurationList;
			buildConfigurations = (
				4F1AA00E19F92A9F00FBD23E /* Debug */,
				4F1AA00F19F92A9F00FBD23E /* Release */,
			);
			defaultConfigurationIsVisible = 0;
			defaultConfigurationName = Release;
		};
		4FA7A8BA1A0A607400F0E578 /* Build configuration list for PBXNativeTarget "aebdemo" */ = {
			isa = XCConfigurationList;
			buildConfigurations = (
				4FA7A8BB1A0A607400F0E578 /* Debug */,
				4FA7A8BC1A0A607400F0E578 /* Release */,
			);
			defaultConfigurationIsVisible = 0;
			defaultConfigurationName = Release;
		};
/* End XCConfigurationList section */
	};
	rootObject = 4F1A9FEB19F92A9E00FBD23E /* Project object */;
}
